<?xml version="1.0" encoding="utf-8"?>
<Project ToolsVersion="4.0" xmlns="http://schemas.microsoft.com/developer/msbuild/2003">
  <ItemGroup>
    <Filter Include="Graphics">
      <UniqueIdentifier>{261a8c93-d970-47b8-82f5-fe806ab08536}</UniqueIdentifier>
    </Filter>
    <Filter Include="Graphics\UI">
      <UniqueIdentifier>{74840ad8-7cfc-4c14-a90a-5570586fa554}</UniqueIdentifier>
    </Filter>
    <Filter Include="Graphics\UI\UltralightAdapters">
      <UniqueIdentifier>{f17143d0-5b0b-4cc7-aace-ba6f9aa4438b}</UniqueIdentifier>
    </Filter>
    <Filter Include="Animation">
      <UniqueIdentifier>{9ca15579-d8d8-46b4-a745-326a048b3c56}</UniqueIdentifier>
    </Filter>
    <Filter Include="Physics">
      <UniqueIdentifier>{b48caa49-dbec-4efb-a3dc-c9545c7fde11}</UniqueIdentifier>
    </Filter>
    <Filter Include="Platform">
      <UniqueIdentifier>{a190ac45-2eae-4183-95cc-d6c2e26d2316}</UniqueIdentifier>
    </Filter>
    <Filter Include="ThirdParty\ImGui">
      <UniqueIdentifier>{c317a281-2a43-4099-af07-7a5685aac9aa}</UniqueIdentifier>
    </Filter>
    <Filter Include="ThirdParty">
      <UniqueIdentifier>{1e3b26bb-7fde-4363-ac45-3a1b0fa678f2}</UniqueIdentifier>
    </Filter>
    <Filter Include="Util">
      <UniqueIdentifier>{6badb82f-dbff-484b-8449-9317c81068ee}</UniqueIdentifier>
    </Filter>
    <Filter Include="Core">
      <UniqueIdentifier>{6fc7d832-08d9-4823-ac50-1cbb58e4f59e}</UniqueIdentifier>
    </Filter>
    <Filter Include="Networking">
      <UniqueIdentifier>{dcbc0819-7f32-43dd-a084-eb5f5dbd7533}</UniqueIdentifier>
    </Filter>
    <Filter Include="Audio">
      <UniqueIdentifier>{8b9e1781-4332-41b1-8b20-bf7ecca224e2}</UniqueIdentifier>
    </Filter>
    <Filter Include="Events">
      <UniqueIdentifier>{f2f44446-b480-43f8-88d8-5c6bc6fd3cd1}</UniqueIdentifier>
    </Filter>
    <Filter Include="Graphics\Passes">
      <UniqueIdentifier>{af4f2d8a-96be-43db-9f89-d4f3de6fede7}</UniqueIdentifier>
    </Filter>
    <Filter Include="Graphics\Shaders">
      <UniqueIdentifier>{705ef6b0-f1b9-4af9-a9e4-08639dfba944}</UniqueIdentifier>
    </Filter>
    <Filter Include="Assets">
      <UniqueIdentifier>{fd031e8a-ef15-48bc-b8ef-1bf4b387f321}</UniqueIdentifier>
    </Filter>
  </ItemGroup>
  <ItemGroup>
    <ClCompile Include="Graphics\ParticlePipeline.cpp">
      <Filter>Graphics</Filter>
    </ClCompile>
    <ClCompile Include="Graphics\Particles.cpp">
      <Filter>Graphics</Filter>
    </ClCompile>
    <ClCompile Include="Graphics\ShadowPipeline.cpp">
      <Filter>Graphics</Filter>
    </ClCompile>
    <ClCompile Include="Graphics\DebugDraw.cpp">
      <Filter>Graphics</Filter>
    </ClCompile>
    <ClCompile Include="Graphics\GraphicsFormats.cpp">
      <Filter>Graphics</Filter>
    </ClCompile>
    <ClCompile Include="Graphics\MeshBuilder.cpp">
      <Filter>Graphics</Filter>
    </ClCompile>
    <ClCompile Include="Graphics\ScratchRenderTarget.cpp">
      <Filter>Graphics</Filter>
    </ClCompile>
    <ClCompile Include="Graphics\IRenderPass.cpp">
      <Filter>Graphics</Filter>
    </ClCompile>
    <ClCompile Include="Graphics\RenderData.cpp">
      <Filter>Graphics</Filter>
    </ClCompile>
    <ClCompile Include="Graphics\RenderGraph.cpp">
      <Filter>Graphics</Filter>
    </ClCompile>
    <ClCompile Include="Graphics\ShaderManager.cpp">
      <Filter>Graphics</Filter>
    </ClCompile>
    <ClCompile Include="Graphics\Material.cpp">
      <Filter>Graphics</Filter>
    </ClCompile>
    <ClCompile Include="Graphics\Mesh.cpp">
      <Filter>Graphics</Filter>
    </ClCompile>
    <ClCompile Include="Graphics\Model.cpp">
      <Filter>Graphics</Filter>
    </ClCompile>
    <ClCompile Include="Graphics\LitGenericPipeline.cpp">
      <Filter>Graphics</Filter>
    </ClCompile>
    <ClCompile Include="Graphics\Light.cpp">
      <Filter>Graphics</Filter>
    </ClCompile>
    <ClCompile Include="Graphics\MoveableCamera.cpp">
      <Filter>Graphics</Filter>
    </ClCompile>
    <ClCompile Include="Graphics\SkyboxPipeline.cpp">
      <Filter>Graphics</Filter>
    </ClCompile>
    <ClCompile Include="Graphics\Camera.cpp">
      <Filter>Graphics</Filter>
    </ClCompile>
    <ClCompile Include="Graphics\ColourPipeline.cpp">
      <Filter>Graphics</Filter>
    </ClCompile>
    <ClCompile Include="Graphics\D3DGPUDevice.cpp">
      <Filter>Graphics</Filter>
    </ClCompile>
    <ClCompile Include="Graphics\SceneLoader.cpp">
      <Filter>Graphics</Filter>
    </ClCompile>
    <ClCompile Include="Graphics\Graphics.cpp">
      <Filter>Graphics</Filter>
    </ClCompile>
    <ClCompile Include="Graphics\Texture.cpp">
      <Filter>Graphics</Filter>
    </ClCompile>
    <ClCompile Include="Graphics\TexturePipeline.cpp">
      <Filter>Graphics</Filter>
    </ClCompile>
    <ClCompile Include="Graphics\UI\HtmlUI.cpp">
      <Filter>Graphics\UI</Filter>
    </ClCompile>
    <ClCompile Include="Graphics\UI\UltralightAdapters\FileSystemBasic.cpp">
      <Filter>Graphics\UI\UltralightAdapters</Filter>
    </ClCompile>
    <ClCompile Include="Graphics\UI\UltralightAdapters\FontLoaderWin.cpp">
      <Filter>Graphics\UI\UltralightAdapters</Filter>
    </ClCompile>
    <ClCompile Include="Graphics\UI\UltralightAdapters\GPUDriverD3D11.cpp">
      <Filter>Graphics\UI\UltralightAdapters</Filter>
    </ClCompile>
    <ClCompile Include="Animation\AnimationChannel.cpp">
      <Filter>Animation</Filter>
    </ClCompile>
    <ClCompile Include="Animation\AnimationClip.cpp">
      <Filter>Animation</Filter>
    </ClCompile>
    <ClCompile Include="Animation\AnimationSkeleton.cpp">
      <Filter>Animation</Filter>
    </ClCompile>
    <ClCompile Include="Animation\AnimationSystem.cpp">
      <Filter>Animation</Filter>
    </ClCompile>
    <ClCompile Include="Animation\AnimationState.cpp">
      <Filter>Animation</Filter>
    </ClCompile>
    <ClCompile Include="Physics\EntityTrace.cpp">
      <Filter>Physics</Filter>
    </ClCompile>
    <ClCompile Include="Physics\PhysicsComponent.cpp">
      <Filter>Physics</Filter>
    </ClCompile>
    <ClCompile Include="Physics\Physics.cpp">
      <Filter>Physics</Filter>
    </ClCompile>
    <ClCompile Include="Platform\FileDialog.cpp">
      <Filter>Platform</Filter>
    </ClCompile>
    <ClCompile Include="Platform\COMInitialize.cpp">
      <Filter>Platform</Filter>
    </ClCompile>
    <ClCompile Include="Platform\GDIPManager.cpp">
      <Filter>Platform</Filter>
    </ClCompile>
    <ClCompile Include="Platform\Input.cpp">
      <Filter>Platform</Filter>
    </ClCompile>
    <ClCompile Include="Platform\Window.cpp">
      <Filter>Platform</Filter>
    </ClCompile>
    <ClCompile Include="ThirdParty\ImGui\imgui_color_gradient.cpp">
      <Filter>ThirdParty\ImGui</Filter>
    </ClCompile>
    <ClCompile Include="ThirdParty\ImGui\imgui.cpp">
      <Filter>ThirdParty\ImGui</Filter>
    </ClCompile>
    <ClCompile Include="ThirdParty\ImGui\imgui_demo.cpp">
      <Filter>ThirdParty\ImGui</Filter>
    </ClCompile>
    <ClCompile Include="ThirdParty\ImGui\imgui_draw.cpp">
      <Filter>ThirdParty\ImGui</Filter>
    </ClCompile>
    <ClCompile Include="ThirdParty\ImGui\imgui_impl_dx11.cpp">
      <Filter>ThirdParty\ImGui</Filter>
    </ClCompile>
    <ClCompile Include="ThirdParty\ImGui\imgui_impl_win32.cpp">
      <Filter>ThirdParty\ImGui</Filter>
    </ClCompile>
    <ClCompile Include="ThirdParty\ImGui\imgui_widgets.cpp">
      <Filter>ThirdParty\ImGui</Filter>
    </ClCompile>
    <ClCompile Include="Util\Frustum.cpp">
      <Filter>Util</Filter>
    </ClCompile>
    <ClCompile Include="Util\TokenStream.cpp">
      <Filter>Util</Filter>
    </ClCompile>
    <ClCompile Include="Util\FileWatchdog.cpp">
      <Filter>Util</Filter>
    </ClCompile>
    <ClCompile Include="Util\Mutex.cpp">
      <Filter>Util</Filter>
    </ClCompile>
    <ClCompile Include="Util\JobSystem.cpp">
      <Filter>Util</Filter>
    </ClCompile>
    <ClCompile Include="Util\StackAllocator.cpp">
      <Filter>Util</Filter>
    </ClCompile>
    <ClCompile Include="Util\FrameTimer.cpp">
      <Filter>Util</Filter>
    </ClCompile>
    <ClCompile Include="Util\MathLib.cpp">
      <Filter>Util</Filter>
    </ClCompile>
    <ClCompile Include="Util\MemoryStream.cpp">
      <Filter>Util</Filter>
    </ClCompile>
    <ClCompile Include="Util\StringLib.cpp">
      <Filter>Util</Filter>
    </ClCompile>
    <ClCompile Include="Core\Console.cpp">
      <Filter>Core</Filter>
    </ClCompile>
    <ClCompile Include="Core\CoreEntityComponents.cpp">
      <Filter>Core</Filter>
    </ClCompile>
    <ClCompile Include="Core\Entity.cpp">
      <Filter>Core</Filter>
    </ClCompile>
    <ClCompile Include="Core\EngineSystems.cpp">
      <Filter>Core</Filter>
    </ClCompile>
    <ClCompile Include="Core\ResourceManager.cpp">
      <Filter>Core</Filter>
    </ClCompile>
    <ClCompile Include="Core\Log.cpp">
      <Filter>Core</Filter>
    </ClCompile>
    <ClCompile Include="Core\Globals.cpp">
      <Filter>Core</Filter>
    </ClCompile>
    <ClCompile Include="Networking\Networking.cpp">
      <Filter>Networking</Filter>
    </ClCompile>
    <ClCompile Include="Audio\Audio.cpp">
      <Filter>Audio</Filter>
    </ClCompile>
    <ClCompile Include="Events\Event.cpp">
      <Filter>Events</Filter>
    </ClCompile>
  </ItemGroup>
  <ItemGroup>
    <ClInclude Include="Graphics\ParticlePipeline.h">
      <Filter>Graphics</Filter>
    </ClInclude>
    <ClInclude Include="Graphics\Particles.h">
      <Filter>Graphics</Filter>
    </ClInclude>
    <ClInclude Include="Graphics\ShadowPipeline.h">
      <Filter>Graphics</Filter>
    </ClInclude>
    <ClInclude Include="Graphics\DebugDraw.h">
      <Filter>Graphics</Filter>
    </ClInclude>
    <ClInclude Include="Graphics\MeshBuilder.h">
      <Filter>Graphics</Filter>
    </ClInclude>
    <ClInclude Include="Graphics\RenderFlags.h">
      <Filter>Graphics</Filter>
    </ClInclude>
    <ClInclude Include="Graphics\ScratchRenderTarget.h">
      <Filter>Graphics</Filter>
    </ClInclude>
    <ClInclude Include="Graphics\IGPUDevice.h">
      <Filter>Graphics</Filter>
    </ClInclude>
    <ClInclude Include="Graphics\IRenderPass.h">
      <Filter>Graphics</Filter>
    </ClInclude>
    <ClInclude Include="Graphics\RenderData.h">
      <Filter>Graphics</Filter>
    </ClInclude>
    <ClInclude Include="Graphics\RenderGraph.h">
      <Filter>Graphics</Filter>
    </ClInclude>
    <ClInclude Include="Graphics\RenderNode.h">
      <Filter>Graphics</Filter>
    </ClInclude>
    <ClInclude Include="Graphics\ShaderManager.h">
      <Filter>Graphics</Filter>
    </ClInclude>
    <ClInclude Include="Graphics\GraphicsFormats.h">
      <Filter>Graphics</Filter>
    </ClInclude>
    <ClInclude Include="Graphics\ShaderBuffers.h">
      <Filter>Graphics</Filter>
    </ClInclude>
    <ClInclude Include="Graphics\LitGenericPipeline.h">
      <Filter>Graphics</Filter>
    </ClInclude>
    <ClInclude Include="Graphics\Light.h">
      <Filter>Graphics</Filter>
    </ClInclude>
    <ClInclude Include="Graphics\Material.h">
      <Filter>Graphics</Filter>
    </ClInclude>
    <ClInclude Include="Graphics\MoveableCamera.h">
      <Filter>Graphics</Filter>
    </ClInclude>
    <ClInclude Include="Graphics\SkyboxPipeline.h">
      <Filter>Graphics</Filter>
    </ClInclude>
    <ClInclude Include="Graphics\Camera.h">
      <Filter>Graphics</Filter>
    </ClInclude>
    <ClInclude Include="Graphics\Colour.h">
      <Filter>Graphics</Filter>
    </ClInclude>
    <ClInclude Include="Graphics\ColourPipeline.h">
      <Filter>Graphics</Filter>
    </ClInclude>
    <ClInclude Include="Graphics\Mesh.h">
      <Filter>Graphics</Filter>
    </ClInclude>
    <ClInclude Include="Graphics\SceneLoader.h">
      <Filter>Graphics</Filter>
    </ClInclude>
    <ClInclude Include="Graphics\ConstantBuffer.h">
      <Filter>Graphics</Filter>
    </ClInclude>
    <ClInclude Include="Graphics\D3DGPUDevice.h">
      <Filter>Graphics</Filter>
    </ClInclude>
    <ClInclude Include="Graphics\Graphics.h">
      <Filter>Graphics</Filter>
    </ClInclude>
    <ClInclude Include="Graphics\IndexBuffer.h">
      <Filter>Graphics</Filter>
    </ClInclude>
    <ClInclude Include="Graphics\IPipeline.h">
      <Filter>Graphics</Filter>
    </ClInclude>
    <ClInclude Include="Graphics\Model.h">
      <Filter>Graphics</Filter>
    </ClInclude>
    <ClInclude Include="Graphics\Texture.h">
      <Filter>Graphics</Filter>
    </ClInclude>
    <ClInclude Include="Graphics\TexturePipeline.h">
      <Filter>Graphics</Filter>
    </ClInclude>
    <ClInclude Include="Graphics\VertexTypes.h">
      <Filter>Graphics</Filter>
    </ClInclude>
    <ClInclude Include="Graphics\VertexBuffer.h">
      <Filter>Graphics</Filter>
    </ClInclude>
    <ClInclude Include="Graphics\UI\HtmlUI.h">
      <Filter>Graphics\UI</Filter>
    </ClInclude>
    <ClInclude Include="Graphics\UI\UltralightAdapters\FileSystemBasic.h">
      <Filter>Graphics\UI\UltralightAdapters</Filter>
    </ClInclude>
    <ClInclude Include="Graphics\UI\UltralightAdapters\FontLoaderWin.h">
      <Filter>Graphics\UI\UltralightAdapters</Filter>
    </ClInclude>
    <ClInclude Include="Graphics\UI\UltralightAdapters\GPUDriverD3D11.h">
      <Filter>Graphics\UI\UltralightAdapters</Filter>
    </ClInclude>
    <ClInclude Include="Graphics\UI\UltralightAdapters\PlatformD3D11.h">
      <Filter>Graphics\UI\UltralightAdapters</Filter>
    </ClInclude>
    <ClInclude Include="Graphics\Passes\MsaaResolvePass.h">
      <Filter>Graphics\Passes</Filter>
    </ClInclude>
    <ClInclude Include="Graphics\Passes\ShadowPass.h">
      <Filter>Graphics\Passes</Filter>
    </ClInclude>
    <ClInclude Include="Graphics\Passes\SceneRenderPass.h">
      <Filter>Graphics\Passes</Filter>
    </ClInclude>
    <ClInclude Include="Graphics\Passes\ToneMappingPass.h">
      <Filter>Graphics\Passes</Filter>
    </ClInclude>
    <ClInclude Include="Graphics\Passes\TransparentPass.h">
      <Filter>Graphics\Passes</Filter>
    </ClInclude>
    <ClInclude Include="Graphics\Passes\DrawLightsPass.h">
      <Filter>Graphics\Passes</Filter>
    </ClInclude>
    <ClInclude Include="Graphics\Passes\OpaquePass.h">
      <Filter>Graphics\Passes</Filter>
    </ClInclude>
    <ClInclude Include="Graphics\Passes\BloomPass.h">
      <Filter>Graphics\Passes</Filter>
    </ClInclude>
    <ClInclude Include="Graphics\Passes\ClearRenderTargetPass.h">
      <Filter>Graphics\Passes</Filter>
    </ClInclude>
    <ClInclude Include="Graphics\Passes\MotionBlurPass.h">
      <Filter>Graphics\Passes</Filter>
    </ClInclude>
    <ClInclude Include="Graphics\Passes\SkyboxPass.h">
      <Filter>Graphics\Passes</Filter>
    </ClInclude>
    <ClInclude Include="Animation\AnimationChannel.h">
      <Filter>Animation</Filter>
    </ClInclude>
    <ClInclude Include="Animation\AnimationClip.h">
      <Filter>Animation</Filter>
    </ClInclude>
    <ClInclude Include="Animation\AnimationComponent.h">
      <Filter>Animation</Filter>
    </ClInclude>
    <ClInclude Include="Animation\AnimationSkeleton.h">
      <Filter>Animation</Filter>
    </ClInclude>
    <ClInclude Include="Animation\AnimationSystem.h">
      <Filter>Animation</Filter>
    </ClInclude>
    <ClInclude Include="Animation\KeyFrame.h">
      <Filter>Animation</Filter>
    </ClInclude>
    <ClInclude Include="Animation\AnimationState.h">
      <Filter>Animation</Filter>
    </ClInclude>
    <ClInclude Include="Physics\EntityTrace.h">
      <Filter>Physics</Filter>
    </ClInclude>
    <ClInclude Include="Physics\PhysicsComponent.h">
      <Filter>Physics</Filter>
    </ClInclude>
    <ClInclude Include="Physics\PhysicsSystem.h">
      <Filter>Physics</Filter>
    </ClInclude>
    <ClInclude Include="Physics\Physics.h">
      <Filter>Physics</Filter>
    </ClInclude>
    <ClInclude Include="Platform\FileDialog.h">
      <Filter>Platform</Filter>
    </ClInclude>
    <ClInclude Include="Platform\COMInitialize.h">
      <Filter>Platform</Filter>
    </ClInclude>
    <ClInclude Include="Platform\GDIPManager.h">
      <Filter>Platform</Filter>
    </ClInclude>
    <ClInclude Include="Platform\Input.h">
      <Filter>Platform</Filter>
    </ClInclude>
    <ClInclude Include="Platform\BatWinAPI.h">
      <Filter>Platform</Filter>
    </ClInclude>
    <ClInclude Include="Platform\Window.h">
      <Filter>Platform</Filter>
    </ClInclude>
    <ClInclude Include="ThirdParty\ImGui\imgui_color_gradient.h">
      <Filter>ThirdParty\ImGui</Filter>
    </ClInclude>
    <ClInclude Include="ThirdParty\ImGui\imconfig.h">
      <Filter>ThirdParty\ImGui</Filter>
    </ClInclude>
    <ClInclude Include="ThirdParty\ImGui\imgui.h">
      <Filter>ThirdParty\ImGui</Filter>
    </ClInclude>
    <ClInclude Include="ThirdParty\ImGui\imgui_impl_dx11.h">
      <Filter>ThirdParty\ImGui</Filter>
    </ClInclude>
    <ClInclude Include="ThirdParty\ImGui\imgui_impl_win32.h">
      <Filter>ThirdParty\ImGui</Filter>
    </ClInclude>
    <ClInclude Include="ThirdParty\ImGui\imgui_internal.h">
      <Filter>ThirdParty\ImGui</Filter>
    </ClInclude>
    <ClInclude Include="ThirdParty\ImGui\imstb_rectpack.h">
      <Filter>ThirdParty\ImGui</Filter>
    </ClInclude>
    <ClInclude Include="ThirdParty\ImGui\imstb_textedit.h">
      <Filter>ThirdParty\ImGui</Filter>
    </ClInclude>
    <ClInclude Include="ThirdParty\ImGui\imstb_truetype.h">
      <Filter>ThirdParty\ImGui</Filter>
    </ClInclude>
    <ClInclude Include="Util\Hash.h">
      <Filter>Util</Filter>
    </ClInclude>
    <ClInclude Include="Util\Tree.h">
      <Filter>Util</Filter>
    </ClInclude>
    <ClInclude Include="Util\Frustum.h">
      <Filter>Util</Filter>
    </ClInclude>
    <ClInclude Include="Util\ByteSwap.h">
      <Filter>Util</Filter>
    </ClInclude>
    <ClInclude Include="Util\ChunkedAllocator.h">
      <Filter>Util</Filter>
    </ClInclude>
    <ClInclude Include="Util\StateMachine.h">
      <Filter>Util</Filter>
    </ClInclude>
    <ClInclude Include="Util\TokenStream.h">
      <Filter>Util</Filter>
    </ClInclude>
    <ClInclude Include="Util\BatAssert.h">
      <Filter>Util</Filter>
    </ClInclude>
    <ClInclude Include="Util\FileWatchdog.h">
      <Filter>Util</Filter>
    </ClInclude>
    <ClInclude Include="Util\Mutex.h">
      <Filter>Util</Filter>
    </ClInclude>
    <ClInclude Include="Util\JobSystem.h">
      <Filter>Util</Filter>
    </ClInclude>
    <ClInclude Include="Util\PoolAllocator.h">
      <Filter>Util</Filter>
    </ClInclude>
    <ClInclude Include="Util\StackAllocator.h">
      <Filter>Util</Filter>
    </ClInclude>
    <ClInclude Include="Util\StringLib.h">
      <Filter>Util</Filter>
    </ClInclude>
    <ClInclude Include="Util\FrameTimer.h">
      <Filter>Util</Filter>
    </ClInclude>
    <ClInclude Include="Util\COMException.h">
      <Filter>Util</Filter>
    </ClInclude>
    <ClInclude Include="Util\MathLib.h">
      <Filter>Util</Filter>
    </ClInclude>
    <ClInclude Include="Util\MemoryStream.h">
      <Filter>Util</Filter>
    </ClInclude>
    <ClInclude Include="Core\CoreEntityComponents.h">
      <Filter>Core</Filter>
    </ClInclude>
    <ClInclude Include="Core\EngineSystems.h">
      <Filter>Core</Filter>
    </ClInclude>
    <ClInclude Include="Core\Console.h">
      <Filter>Core</Filter>
    </ClInclude>
    <ClInclude Include="Core\Entity.h">
      <Filter>Core</Filter>
    </ClInclude>
    <ClInclude Include="Core\Common.h">
      <Filter>Core</Filter>
    </ClInclude>
    <ClInclude Include="Core\ResourceManager.h">
      <Filter>Core</Filter>
    </ClInclude>
    <ClInclude Include="Core\Log.h">
      <Filter>Core</Filter>
    </ClInclude>
    <ClInclude Include="Core\Globals.h">
      <Filter>Core</Filter>
    </ClInclude>
    <ClInclude Include="Core\ILayer.h">
      <Filter>Core</Filter>
    </ClInclude>
    <ClInclude Include="Networking\Networking.h">
      <Filter>Networking</Filter>
    </ClInclude>
    <ClInclude Include="Audio\Audio.h">
      <Filter>Audio</Filter>
    </ClInclude>
    <ClInclude Include="Events\PhysicsEvents.h">
      <Filter>Events</Filter>
    </ClInclude>
    <ClInclude Include="Events\EntityEvents.h">
      <Filter>Events</Filter>
    </ClInclude>
    <ClInclude Include="Events\NetworkEvents.h">
      <Filter>Events</Filter>
    </ClInclude>
    <ClInclude Include="Events\MouseEvents.h">
      <Filter>Events</Filter>
    </ClInclude>
    <ClInclude Include="Events\Event.h">
      <Filter>Events</Filter>
    </ClInclude>
    <ClInclude Include="Events\KeyboardEvents.h">
      <Filter>Events</Filter>
    </ClInclude>
    <ClInclude Include="Events\WindowEvents.h">
      <Filter>Events</Filter>
    </ClInclude>
  </ItemGroup>
  <ItemGroup>
    <None Include="Graphics\RenderNodeDataTypes.def">
      <Filter>Graphics</Filter>
    </None>
    <None Include="Graphics\Shaders\CommonPS.hlsli">
      <Filter>Graphics\Shaders</Filter>
    </None>
    <None Include="Graphics\Shaders\CommonVS.hlsli">
      <Filter>Graphics\Shaders</Filter>
    </None>
  </ItemGroup>
  <ItemGroup>
    <FxCompile Include="Graphics\Shaders\BloomPS.hlsl">
      <Filter>Graphics\Shaders</Filter>
    </FxCompile>
    <FxCompile Include="Graphics\Shaders\ColourPS.hlsl">
      <Filter>Graphics\Shaders</Filter>
    </FxCompile>
    <FxCompile Include="Graphics\Shaders\ColourVS.hlsl">
      <Filter>Graphics\Shaders</Filter>
    </FxCompile>
    <FxCompile Include="Graphics\Shaders\BrightExtractPS.hlsl">
      <Filter>Graphics\Shaders</Filter>
    </FxCompile>
    <FxCompile Include="Graphics\Shaders\DynamicSkyPS.hlsl">
      <Filter>Graphics\Shaders</Filter>
    </FxCompile>
    <FxCompile Include="Graphics\Shaders\DynamicSkyVS.hlsl">
      <Filter>Graphics\Shaders</Filter>
    </FxCompile>
    <FxCompile Include="Graphics\Shaders\GaussBlurPS.hlsl">
      <Filter>Graphics\Shaders</Filter>
    </FxCompile>
    <FxCompile Include="Graphics\Shaders\LitGenericPS.hlsl">
      <Filter>Graphics\Shaders</Filter>
    </FxCompile>
    <FxCompile Include="Graphics\Shaders\LitGenericVS.hlsl">
      <Filter>Graphics\Shaders</Filter>
    </FxCompile>
    <FxCompile Include="Graphics\Shaders\MotionBlurPS.hlsl">
      <Filter>Graphics\Shaders</Filter>
    </FxCompile>
    <FxCompile Include="Graphics\Shaders\ParticlePS.hlsl">
      <Filter>Graphics\Shaders</Filter>
    </FxCompile>
    <FxCompile Include="Graphics\Shaders\ParticleVS.hlsl">
      <Filter>Graphics\Shaders</Filter>
    </FxCompile>
    <FxCompile Include="Graphics\Shaders\PostProcessVS.hlsl">
      <Filter>Graphics\Shaders</Filter>
    </FxCompile>
    <FxCompile Include="Graphics\Shaders\ShadowMapVS.hlsl">
      <Filter>Graphics\Shaders</Filter>
    </FxCompile>
    <FxCompile Include="Graphics\Shaders\SkyboxPS.hlsl">
      <Filter>Graphics\Shaders</Filter>
    </FxCompile>
    <FxCompile Include="Graphics\Shaders\SkyboxVS.hlsl">
      <Filter>Graphics\Shaders</Filter>
    </FxCompile>
    <FxCompile Include="Graphics\Shaders\TexturePS.hlsl">
      <Filter>Graphics\Shaders</Filter>
    </FxCompile>
    <FxCompile Include="Graphics\Shaders\TextureVS.hlsl">
      <Filter>Graphics\Shaders</Filter>
    </FxCompile>
    <FxCompile Include="Graphics\Shaders\ToneMappingPS.hlsl">
      <Filter>Graphics\Shaders</Filter>
    </FxCompile>
    <FxCompile Include="Graphics\Shaders\ShadowMapPS.hlsl">
      <Filter>Graphics\Shaders</Filter>
    </FxCompile>
  </ItemGroup>
  <ItemGroup>
    <Image Include="Assets\mario.png">
      <Filter>Assets</Filter>
    </Image>
    <Image Include="Assets\slidy.ico">
      <Filter>Assets</Filter>
    </Image>
  </ItemGroup>
  <ItemGroup />
</Project>